
Microsoft Visual Studio Solution File, Format Version 12.00
# Visual Studio Version 17
VisualStudioVersion = 17.10.35027.167
MinimumVisualStudioVersion = 10.0.40219.1
Project("{FAE04EC0-301F-11D3-BF4B-00C04F79EFBC}") = "Tom_Spaans_Hangman", "Tom_Spaans_Hangman\Tom_Spaans_Hangman.csproj", "{FBFC07E6-C277-46FD-9C31-3DDEDB5231C0}"
EndProject
Global
	GlobalSection(SolutionConfigurationPlatforms) = preSolution
		Debug|Any CPU = Debug|Any CPU
		Release|Any CPU = Release|Any CPU
	EndGlobalSection
	GlobalSection(ProjectConfigurationPlatforms) = postSolution
		{FBFC07E6-C277-46FD-9C31-3DDEDB5231C0}.Debug|Any CPU.ActiveCfg = Debug|Any CPU
		{FBFC07E6-C277-46FD-9C31-3DDEDB5231C0}.Debug|Any CPU.Build.0 = Debug|Any CPU
		{FBFC07E6-C277-46FD-9C31-3DDEDB5231C0}.Release|Any CPU.ActiveCfg = Release|Any CPU
		{FBFC07E6-C277-46FD-9C31-3DDEDB5231C0}.Release|Any CPU.Build.0 = Release|Any CPU
	EndGlobalSection
	GlobalSection(SolutionProperties) = preSolution
		HideSolutionNode = FALSE
	EndGlobalSection
	GlobalSection(ExtensibilityGlobals) = postSolution
		SolutionGuid = {DBB4543E-D686-4F9B-9077-820868C7FDB1}
	EndGlobalSection
EndGlobal
